
Microsoft Visual Studio Solution File, Format Version 12.00
# Visual Studio Version 16
VisualStudioVersion = 16.0.29319.158
MinimumVisualStudioVersion = 10.0.40219.1
Project("{9A19103F-16F7-4668-BE54-9A1E7A4F7556}") = "BlazingPizza.Server", "BlazingPizza\Server\BlazingPizza.Server.csproj", "{5A776D84-3B76-4DCA-BC1A-3EF13441690D}"
EndProject
Project("{9A19103F-16F7-4668-BE54-9A1E7A4F7556}") = "BlazingPizza.Client", "BlazingPizza\Client\BlazingPizza.Client.csproj", "{6BF3A2A0-76B3-4F28-919E-8B374FC2CB65}"
EndProject
Project("{9A19103F-16F7-4668-BE54-9A1E7A4F7556}") = "BlazingPizza.Shared", "BlazingPizza\Shared\BlazingPizza.Shared.csproj", "{B22C11C0-4244-4174-8AEC-26571299933C}"
EndProject
Project("{9A19103F-16F7-4668-BE54-9A1E7A4F7556}") = "BlazingPizza.Components", "BlazingPizza.Components\BlazingPizza.Components.csproj", "{B84993C6-9B0B-469B-9D0F-59C738E3C631}"
EndProject
Project("{FAE04EC0-301F-11D3-BF4B-00C04F79EFBC}") = "BlazingPizza.Templates", "BlazingPizza.Templates\BlazingPizza.Templates.csproj", "{5846646E-C67E-47F4-B7C1-6D2E19154C01}"
EndProject
Global
	GlobalSection(SolutionConfigurationPlatforms) = preSolution
		Debug|Any CPU = Debug|Any CPU
		Release|Any CPU = Release|Any CPU
	EndGlobalSection
	GlobalSection(ProjectConfigurationPlatforms) = postSolution
		{5A776D84-3B76-4DCA-BC1A-3EF13441690D}.Debug|Any CPU.ActiveCfg = Debug|Any CPU
		{5A776D84-3B76-4DCA-BC1A-3EF13441690D}.Debug|Any CPU.Build.0 = Debug|Any CPU
		{5A776D84-3B76-4DCA-BC1A-3EF13441690D}.Release|Any CPU.ActiveCfg = Release|Any CPU
		{5A776D84-3B76-4DCA-BC1A-3EF13441690D}.Release|Any CPU.Build.0 = Release|Any CPU
		{6BF3A2A0-76B3-4F28-919E-8B374FC2CB65}.Debug|Any CPU.ActiveCfg = Debug|Any CPU
		{6BF3A2A0-76B3-4F28-919E-8B374FC2CB65}.Debug|Any CPU.Build.0 = Debug|Any CPU
		{6BF3A2A0-76B3-4F28-919E-8B374FC2CB65}.Release|Any CPU.ActiveCfg = Release|Any CPU
		{6BF3A2A0-76B3-4F28-919E-8B374FC2CB65}.Release|Any CPU.Build.0 = Release|Any CPU
		{B22C11C0-4244-4174-8AEC-26571299933C}.Debug|Any CPU.ActiveCfg = Debug|Any CPU
		{B22C11C0-4244-4174-8AEC-26571299933C}.Debug|Any CPU.Build.0 = Debug|Any CPU
		{B22C11C0-4244-4174-8AEC-26571299933C}.Release|Any CPU.ActiveCfg = Release|Any CPU
		{B22C11C0-4244-4174-8AEC-26571299933C}.Release|Any CPU.Build.0 = Release|Any CPU
		{B84993C6-9B0B-469B-9D0F-59C738E3C631}.Debug|Any CPU.ActiveCfg = Debug|Any CPU
		{B84993C6-9B0B-469B-9D0F-59C738E3C631}.Debug|Any CPU.Build.0 = Debug|Any CPU
		{B84993C6-9B0B-469B-9D0F-59C738E3C631}.Release|Any CPU.ActiveCfg = Release|Any CPU
		{B84993C6-9B0B-469B-9D0F-59C738E3C631}.Release|Any CPU.Build.0 = Release|Any CPU
		{5846646E-C67E-47F4-B7C1-6D2E19154C01}.Debug|Any CPU.ActiveCfg = Debug|Any CPU
		{5846646E-C67E-47F4-B7C1-6D2E19154C01}.Debug|Any CPU.Build.0 = Debug|Any CPU
		{5846646E-C67E-47F4-B7C1-6D2E19154C01}.Release|Any CPU.ActiveCfg = Release|Any CPU
		{5846646E-C67E-47F4-B7C1-6D2E19154C01}.Release|Any CPU.Build.0 = Release|Any CPU
	EndGlobalSection
	GlobalSection(SolutionProperties) = preSolution
		HideSolutionNode = FALSE
	EndGlobalSection
	GlobalSection(ExtensibilityGlobals) = postSolution
		SolutionGuid = {4B50BB20-8014-4A52-AA61-AB9974B80AE8}
	EndGlobalSection
EndGlobal
